
Microsoft Visual Studio Solution File, Format Version 12.00
# Visual Studio Version 17
VisualStudioVersion = 17.7.34031.279
MinimumVisualStudioVersion = 10.0.40219.1
Project("{FAE04EC0-301F-11D3-BF4B-00C04F79EFBC}") = "Built_in_interfaces", "Built_in_interfaces.csproj", "{5C78E252-354C-417C-8920-009AAE973394}"
EndProject
Global
	GlobalSection(SolutionConfigurationPlatforms) = preSolution
		Debug|Any CPU = Debug|Any CPU
		Release|Any CPU = Release|Any CPU
	EndGlobalSection
	GlobalSection(ProjectConfigurationPlatforms) = postSolution
		{5C78E252-354C-417C-8920-009AAE973394}.Debug|Any CPU.ActiveCfg = Debug|Any CPU
		{5C78E252-354C-417C-8920-009AAE973394}.Debug|Any CPU.Build.0 = Debug|Any CPU
		{5C78E252-354C-417C-8920-009AAE973394}.Release|Any CPU.ActiveCfg = Release|Any CPU
		{5C78E252-354C-417C-8920-009AAE973394}.Release|Any CPU.Build.0 = Release|Any CPU
	EndGlobalSection
	GlobalSection(SolutionProperties) = preSolution
		HideSolutionNode = FALSE
	EndGlobalSection
	GlobalSection(ExtensibilityGlobals) = postSolution
		SolutionGuid = {692098FD-F00A-4328-9811-A765072565FE}
	EndGlobalSection
EndGlobal
